
Microsoft Visual Studio Solution File, Format Version 10.00
# Visual Studio 2008
Project("{FAE04EC0-301F-11D3-BF4B-00C04F79EFBC}") = "OpenNETCF.Web", "OpenNETCF.Web\OpenNETCF.Web\OpenNETCF.Web.csproj", "{662C4633-A8FC-4D9A-85ED-8FDB9622229E}"
EndProject
Project("{2150E333-8FDC-42A3-9474-1A3956D46DE8}") = "Padarn", "Padarn", "{C80EE44D-AF1E-4699-9FE6-275E4858AB17}"
EndProject
Project("{2150E333-8FDC-42A3-9474-1A3956D46DE8}") = "TestHarness", "TestHarness", "{B0AE8BBE-CA22-4F3C-960C-490032E63D1F}"
EndProject
Project("{FAE04EC0-301F-11D3-BF4B-00C04F79EFBC}") = "ServerHost", "Tests\WinCE\ServerHost\ServerHost.csproj", "{3D102874-8BB1-44C0-AFD0-26F41F550573}"
EndProject
Project("{FAE04EC0-301F-11D3-BF4B-00C04F79EFBC}") = "StaticContent", "Tests\WinCE\StaticContent\StaticContent.csproj", "{3EDCC5A5-D1AD-46B5-886E-5AA7C4DAE9B0}"
EndProject
Project("{FAE04EC0-301F-11D3-BF4B-00C04F79EFBC}") = "CodeBehind", "Tests\WinCE\CodeBehind\CodeBehind.csproj", "{2814D07B-2B8A-446C-9D8A-22704A7790C0}"
EndProject
Project("{FAE04EC0-301F-11D3-BF4B-00C04F79EFBC}") = "OpenNETCF.Web.Extensions.CF", "OpenNETCF.Web.Extensions\OpenNETCF.Web.Extensions.CF.csproj", "{5517ABE7-5582-4405-8F5B-C84FC6F11222}"
EndProject
Project("{FAE04EC0-301F-11D3-BF4B-00C04F79EFBC}") = "OpenNETCF.Extensions.CF", "..\OpenNETCF.Extensions\OpenNETCF.Extensions\OpenNETCF.Extensions.CF.csproj", "{8C471165-A242-437D-B117-02663D1E064B}"
EndProject
Global
	GlobalSection(SolutionConfigurationPlatforms) = preSolution
		Academic|Any CPU = Academic|Any CPU
		Debug|Any CPU = Debug|Any CPU
		Evaluation|Any CPU = Evaluation|Any CPU
		MAC Licensed|Any CPU = MAC Licensed|Any CPU
		Release|Any CPU = Release|Any CPU
		Timebomb|Any CPU = Timebomb|Any CPU
	EndGlobalSection
	GlobalSection(ProjectConfigurationPlatforms) = postSolution
		{662C4633-A8FC-4D9A-85ED-8FDB9622229E}.Academic|Any CPU.ActiveCfg = Academic|Any CPU
		{662C4633-A8FC-4D9A-85ED-8FDB9622229E}.Academic|Any CPU.Build.0 = Academic|Any CPU
		{662C4633-A8FC-4D9A-85ED-8FDB9622229E}.Debug|Any CPU.ActiveCfg = Debug|Any CPU
		{662C4633-A8FC-4D9A-85ED-8FDB9622229E}.Debug|Any CPU.Build.0 = Debug|Any CPU
		{662C4633-A8FC-4D9A-85ED-8FDB9622229E}.Evaluation|Any CPU.ActiveCfg = Evaluation|Any CPU
		{662C4633-A8FC-4D9A-85ED-8FDB9622229E}.Evaluation|Any CPU.Build.0 = Evaluation|Any CPU
		{662C4633-A8FC-4D9A-85ED-8FDB9622229E}.MAC Licensed|Any CPU.ActiveCfg = MAC Licensed|Any CPU
		{662C4633-A8FC-4D9A-85ED-8FDB9622229E}.MAC Licensed|Any CPU.Build.0 = MAC Licensed|Any CPU
		{662C4633-A8FC-4D9A-85ED-8FDB9622229E}.Release|Any CPU.ActiveCfg = Release|Any CPU
		{662C4633-A8FC-4D9A-85ED-8FDB9622229E}.Release|Any CPU.Build.0 = Release|Any CPU
		{662C4633-A8FC-4D9A-85ED-8FDB9622229E}.Timebomb|Any CPU.ActiveCfg = Timebomb|Any CPU
		{662C4633-A8FC-4D9A-85ED-8FDB9622229E}.Timebomb|Any CPU.Build.0 = Timebomb|Any CPU
		{3D102874-8BB1-44C0-AFD0-26F41F550573}.Academic|Any CPU.ActiveCfg = Release|Any CPU
		{3D102874-8BB1-44C0-AFD0-26F41F550573}.Academic|Any CPU.Build.0 = Release|Any CPU
		{3D102874-8BB1-44C0-AFD0-26F41F550573}.Academic|Any CPU.Deploy.0 = Release|Any CPU
		{3D102874-8BB1-44C0-AFD0-26F41F550573}.Debug|Any CPU.ActiveCfg = Debug|Any CPU
		{3D102874-8BB1-44C0-AFD0-26F41F550573}.Debug|Any CPU.Build.0 = Debug|Any CPU
		{3D102874-8BB1-44C0-AFD0-26F41F550573}.Debug|Any CPU.Deploy.0 = Debug|Any CPU
		{3D102874-8BB1-44C0-AFD0-26F41F550573}.Evaluation|Any CPU.ActiveCfg = Release|Any CPU
		{3D102874-8BB1-44C0-AFD0-26F41F550573}.Evaluation|Any CPU.Build.0 = Release|Any CPU
		{3D102874-8BB1-44C0-AFD0-26F41F550573}.Evaluation|Any CPU.Deploy.0 = Release|Any CPU
		{3D102874-8BB1-44C0-AFD0-26F41F550573}.MAC Licensed|Any CPU.ActiveCfg = Release|Any CPU
		{3D102874-8BB1-44C0-AFD0-26F41F550573}.MAC Licensed|Any CPU.Build.0 = Release|Any CPU
		{3D102874-8BB1-44C0-AFD0-26F41F550573}.MAC Licensed|Any CPU.Deploy.0 = Release|Any CPU
		{3D102874-8BB1-44C0-AFD0-26F41F550573}.Release|Any CPU.ActiveCfg = Release|Any CPU
		{3D102874-8BB1-44C0-AFD0-26F41F550573}.Release|Any CPU.Build.0 = Release|Any CPU
		{3D102874-8BB1-44C0-AFD0-26F41F550573}.Release|Any CPU.Deploy.0 = Release|Any CPU
		{3D102874-8BB1-44C0-AFD0-26F41F550573}.Timebomb|Any CPU.ActiveCfg = Release|Any CPU
		{3D102874-8BB1-44C0-AFD0-26F41F550573}.Timebomb|Any CPU.Build.0 = Release|Any CPU
		{3D102874-8BB1-44C0-AFD0-26F41F550573}.Timebomb|Any CPU.Deploy.0 = Release|Any CPU
		{3EDCC5A5-D1AD-46B5-886E-5AA7C4DAE9B0}.Academic|Any CPU.ActiveCfg = Release|Any CPU
		{3EDCC5A5-D1AD-46B5-886E-5AA7C4DAE9B0}.Academic|Any CPU.Build.0 = Release|Any CPU
		{3EDCC5A5-D1AD-46B5-886E-5AA7C4DAE9B0}.Debug|Any CPU.ActiveCfg = Debug|Any CPU
		{3EDCC5A5-D1AD-46B5-886E-5AA7C4DAE9B0}.Debug|Any CPU.Build.0 = Debug|Any CPU
		{3EDCC5A5-D1AD-46B5-886E-5AA7C4DAE9B0}.Debug|Any CPU.Deploy.0 = Debug|Any CPU
		{3EDCC5A5-D1AD-46B5-886E-5AA7C4DAE9B0}.Evaluation|Any CPU.ActiveCfg = Release|Any CPU
		{3EDCC5A5-D1AD-46B5-886E-5AA7C4DAE9B0}.Evaluation|Any CPU.Build.0 = Release|Any CPU
		{3EDCC5A5-D1AD-46B5-886E-5AA7C4DAE9B0}.MAC Licensed|Any CPU.ActiveCfg = Release|Any CPU
		{3EDCC5A5-D1AD-46B5-886E-5AA7C4DAE9B0}.MAC Licensed|Any CPU.Build.0 = Release|Any CPU
		{3EDCC5A5-D1AD-46B5-886E-5AA7C4DAE9B0}.Release|Any CPU.ActiveCfg = Release|Any CPU
		{3EDCC5A5-D1AD-46B5-886E-5AA7C4DAE9B0}.Release|Any CPU.Build.0 = Release|Any CPU
		{3EDCC5A5-D1AD-46B5-886E-5AA7C4DAE9B0}.Timebomb|Any CPU.ActiveCfg = Release|Any CPU
		{3EDCC5A5-D1AD-46B5-886E-5AA7C4DAE9B0}.Timebomb|Any CPU.Build.0 = Release|Any CPU
		{2814D07B-2B8A-446C-9D8A-22704A7790C0}.Academic|Any CPU.ActiveCfg = Release|Any CPU
		{2814D07B-2B8A-446C-9D8A-22704A7790C0}.Academic|Any CPU.Build.0 = Release|Any CPU
		{2814D07B-2B8A-446C-9D8A-22704A7790C0}.Debug|Any CPU.ActiveCfg = Debug|Any CPU
		{2814D07B-2B8A-446C-9D8A-22704A7790C0}.Debug|Any CPU.Build.0 = Debug|Any CPU
		{2814D07B-2B8A-446C-9D8A-22704A7790C0}.Debug|Any CPU.Deploy.0 = Debug|Any CPU
		{2814D07B-2B8A-446C-9D8A-22704A7790C0}.Evaluation|Any CPU.ActiveCfg = Release|Any CPU
		{2814D07B-2B8A-446C-9D8A-22704A7790C0}.Evaluation|Any CPU.Build.0 = Release|Any CPU
		{2814D07B-2B8A-446C-9D8A-22704A7790C0}.MAC Licensed|Any CPU.ActiveCfg = Release|Any CPU
		{2814D07B-2B8A-446C-9D8A-22704A7790C0}.MAC Licensed|Any CPU.Build.0 = Release|Any CPU
		{2814D07B-2B8A-446C-9D8A-22704A7790C0}.Release|Any CPU.ActiveCfg = Release|Any CPU
		{2814D07B-2B8A-446C-9D8A-22704A7790C0}.Release|Any CPU.Build.0 = Release|Any CPU
		{2814D07B-2B8A-446C-9D8A-22704A7790C0}.Timebomb|Any CPU.ActiveCfg = Release|Any CPU
		{2814D07B-2B8A-446C-9D8A-22704A7790C0}.Timebomb|Any CPU.Build.0 = Release|Any CPU
		{5517ABE7-5582-4405-8F5B-C84FC6F11222}.Academic|Any CPU.ActiveCfg = Release|Any CPU
		{5517ABE7-5582-4405-8F5B-C84FC6F11222}.Academic|Any CPU.Build.0 = Release|Any CPU
		{5517ABE7-5582-4405-8F5B-C84FC6F11222}.Debug|Any CPU.ActiveCfg = Debug|Any CPU
		{5517ABE7-5582-4405-8F5B-C84FC6F11222}.Debug|Any CPU.Build.0 = Debug|Any CPU
		{5517ABE7-5582-4405-8F5B-C84FC6F11222}.Evaluation|Any CPU.ActiveCfg = Release|Any CPU
		{5517ABE7-5582-4405-8F5B-C84FC6F11222}.Evaluation|Any CPU.Build.0 = Release|Any CPU
		{5517ABE7-5582-4405-8F5B-C84FC6F11222}.MAC Licensed|Any CPU.ActiveCfg = Release|Any CPU
		{5517ABE7-5582-4405-8F5B-C84FC6F11222}.MAC Licensed|Any CPU.Build.0 = Release|Any CPU
		{5517ABE7-5582-4405-8F5B-C84FC6F11222}.Release|Any CPU.ActiveCfg = Release|Any CPU
		{5517ABE7-5582-4405-8F5B-C84FC6F11222}.Release|Any CPU.Build.0 = Release|Any CPU
		{5517ABE7-5582-4405-8F5B-C84FC6F11222}.Timebomb|Any CPU.ActiveCfg = Release|Any CPU
		{5517ABE7-5582-4405-8F5B-C84FC6F11222}.Timebomb|Any CPU.Build.0 = Release|Any CPU
		{8C471165-A242-437D-B117-02663D1E064B}.Academic|Any CPU.ActiveCfg = Release|Any CPU
		{8C471165-A242-437D-B117-02663D1E064B}.Academic|Any CPU.Build.0 = Release|Any CPU
		{8C471165-A242-437D-B117-02663D1E064B}.Debug|Any CPU.ActiveCfg = Debug|Any CPU
		{8C471165-A242-437D-B117-02663D1E064B}.Debug|Any CPU.Build.0 = Debug|Any CPU
		{8C471165-A242-437D-B117-02663D1E064B}.Evaluation|Any CPU.ActiveCfg = Release|Any CPU
		{8C471165-A242-437D-B117-02663D1E064B}.Evaluation|Any CPU.Build.0 = Release|Any CPU
		{8C471165-A242-437D-B117-02663D1E064B}.MAC Licensed|Any CPU.ActiveCfg = Release|Any CPU
		{8C471165-A242-437D-B117-02663D1E064B}.MAC Licensed|Any CPU.Build.0 = Release|Any CPU
		{8C471165-A242-437D-B117-02663D1E064B}.Release|Any CPU.ActiveCfg = Release|Any CPU
		{8C471165-A242-437D-B117-02663D1E064B}.Release|Any CPU.Build.0 = Release|Any CPU
		{8C471165-A242-437D-B117-02663D1E064B}.Timebomb|Any CPU.ActiveCfg = Release|Any CPU
		{8C471165-A242-437D-B117-02663D1E064B}.Timebomb|Any CPU.Build.0 = Release|Any CPU
	EndGlobalSection
	GlobalSection(SolutionProperties) = preSolution
		HideSolutionNode = FALSE
	EndGlobalSection
	GlobalSection(NestedProjects) = preSolution
		{662C4633-A8FC-4D9A-85ED-8FDB9622229E} = {C80EE44D-AF1E-4699-9FE6-275E4858AB17}
		{5517ABE7-5582-4405-8F5B-C84FC6F11222} = {C80EE44D-AF1E-4699-9FE6-275E4858AB17}
		{8C471165-A242-437D-B117-02663D1E064B} = {C80EE44D-AF1E-4699-9FE6-275E4858AB17}
		{3D102874-8BB1-44C0-AFD0-26F41F550573} = {B0AE8BBE-CA22-4F3C-960C-490032E63D1F}
		{3EDCC5A5-D1AD-46B5-886E-5AA7C4DAE9B0} = {B0AE8BBE-CA22-4F3C-960C-490032E63D1F}
		{2814D07B-2B8A-446C-9D8A-22704A7790C0} = {B0AE8BBE-CA22-4F3C-960C-490032E63D1F}
	EndGlobalSection
	GlobalSection(TeamFoundationVersionControl) = preSolution
		SccNumberOfProjects = 10
		SccEnterpriseProvider = {4CA58AB2-18FA-4F8D-95D4-32DDF27D184C}
		SccTeamFoundationServer = http://tc:8080/
		SccLocalPath0 = .
		SccProjectUniqueName1 = OpenNETCF.Web\\OpenNETCF.Web\\OpenNETCF.Web.csproj
		SccProjectTopLevelParentUniqueName1 = Padarn.Development.Device.sln
		SccProjectName1 = OpenNETCF.Web/OpenNETCF.Web
		SccLocalPath1 = OpenNETCF.Web\\OpenNETCF.Web
		SccProjectUniqueName2 = OpenNETCF.Ssl\\OpenNETCF.Ssl\\OpenNETCF.Ssl.csproj
		SccProjectTopLevelParentUniqueName2 = Padarn.Development.Device.sln
		SccProjectName2 = OpenNETCF.Ssl/OpenNETCF.Ssl
		SccLocalPath2 = OpenNETCF.Ssl\\OpenNETCF.Ssl
		SccProjectUniqueName3 = OpenNETCF.Ssl\\OpenNETCF.Ssl.Test\\OpenNETCF.Ssl.Test.csproj
		SccProjectTopLevelParentUniqueName3 = Padarn.Development.Device.sln
		SccProjectName3 = OpenNETCF.Ssl/OpenNETCF.Ssl.Test
		SccLocalPath3 = OpenNETCF.Ssl\\OpenNETCF.Ssl.Test
		SccProjectUniqueName4 = MVC\\OpenNETCF.Web.Mvc\\OpenNETCF.Web.Mvc.csproj
		SccProjectTopLevelParentUniqueName4 = Padarn.Development.Device.sln
		SccProjectName4 = MVC/OpenNETCF.Web.Mvc
		SccLocalPath4 = MVC\\OpenNETCF.Web.Mvc
		SccProjectUniqueName5 = ..\\OpenNETCF.Mocks\\OpenNETCF.Mocks.csproj
		SccProjectTopLevelParentUniqueName5 = Padarn.Development.Device.sln
		SccProjectName5 = ../OpenNETCF.Mocks
		SccLocalPath5 = ..\\OpenNETCF.Mocks
		SccProjectUniqueName6 = TestHarness\\ServerHost\\ocfhttpd.public\\ocfhttpd.csproj
		SccProjectTopLevelParentUniqueName6 = Padarn.Development.Device.sln
		SccProjectName6 = TestHarness/ServerHost/ocfhttpd.public
		SccLocalPath6 = TestHarness\\ServerHost\\ocfhttpd.public
		SccProjectUniqueName7 = TestHarness\\StaticContent\\StaticContent.csproj
		SccProjectTopLevelParentUniqueName7 = Padarn.Development.Device.sln
		SccProjectName7 = TestHarness/StaticContent
		SccLocalPath7 = TestHarness\\StaticContent
		SccProjectUniqueName8 = TestHarness\\CodeBehind\\SampleSiteCodeBehind.Public\\SampleSiteCodeBehind.csproj
		SccProjectTopLevelParentUniqueName8 = Padarn.Development.Device.sln
		SccProjectName8 = TestHarness/CodeBehind/SampleSiteCodeBehind.Public
		SccLocalPath8 = TestHarness\\CodeBehind\\SampleSiteCodeBehind.Public
		SccProjectUniqueName9 = Test\\HtmlTextWriterTest\\HtmlTextWriterTest.csproj
		SccProjectTopLevelParentUniqueName9 = Padarn.Development.Device.sln
		SccProjectName9 = Test/HtmlTextWriterTest
		SccLocalPath9 = Test\\HtmlTextWriterTest
	EndGlobalSection
EndGlobal
