
Microsoft Visual Studio Solution File, Format Version 12.00
# Visual Studio 14
VisualStudioVersion = 14.0.25420.1
MinimumVisualStudioVersion = 10.0.40219.1
Project("{2150E333-8FDC-42A3-9474-1A3956D46DE8}") = "Padarn", "Padarn", "{E50E7737-A196-4D46-9D04-8BE9B0ED9EC9}"
EndProject
Project("{FAE04EC0-301F-11D3-BF4B-00C04F79EFBC}") = "OpenNETCF.Web.FFx", "OpenNETCF.Web\OpenNETCF.Web\OpenNETCF.Web.FFx.csproj", "{A71ADD39-CC93-4D74-83E4-F8B26FA0EC10}"
EndProject
Project("{FAE04EC0-301F-11D3-BF4B-00C04F79EFBC}") = "OpenNETCF.Web.Extensions.FFx", "OpenNETCF.Web.Extensions\OpenNETCF.Web.Extensions.FFx.csproj", "{82D377B5-7A45-439C-BECB-7D008E7152B3}"
EndProject
Project("{2150E333-8FDC-42A3-9474-1A3956D46DE8}") = "Test Project", "Test Project", "{1D39EDF1-5E3D-4F82-AD06-90C0D8654426}"
EndProject
Project("{FAE04EC0-301F-11D3-BF4B-00C04F79EFBC}") = "StaticContent", "Tests\FFx\StaticContent\StaticContent.csproj", "{88270A0E-7833-4612-9D46-0DAE5714B728}"
EndProject
Project("{FAE04EC0-301F-11D3-BF4B-00C04F79EFBC}") = "CodeBehind", "Tests\FFx\CodeBehind\CodeBehind.csproj", "{CADDBDA1-4DFD-4413-83AD-8A5CA79E4B5C}"
EndProject
Project("{FAE04EC0-301F-11D3-BF4B-00C04F79EFBC}") = "ServerHost", "Tests\FFx\ServerHost\ServerHost.csproj", "{90911666-7752-4A54-A33C-B756804E1548}"
EndProject
Global
	GlobalSection(SolutionConfigurationPlatforms) = preSolution
		Debug|Any CPU = Debug|Any CPU
		MAC Licensed|Any CPU = MAC Licensed|Any CPU
		Nat's|Any CPU = Nat's|Any CPU
		Online Licensed|Any CPU = Online Licensed|Any CPU
		Release|Any CPU = Release|Any CPU
	EndGlobalSection
	GlobalSection(ProjectConfigurationPlatforms) = postSolution
		{A71ADD39-CC93-4D74-83E4-F8B26FA0EC10}.Debug|Any CPU.ActiveCfg = Debug|Any CPU
		{A71ADD39-CC93-4D74-83E4-F8B26FA0EC10}.Debug|Any CPU.Build.0 = Debug|Any CPU
		{A71ADD39-CC93-4D74-83E4-F8B26FA0EC10}.MAC Licensed|Any CPU.ActiveCfg = MAC Licensed|Any CPU
		{A71ADD39-CC93-4D74-83E4-F8B26FA0EC10}.MAC Licensed|Any CPU.Build.0 = MAC Licensed|Any CPU
		{A71ADD39-CC93-4D74-83E4-F8B26FA0EC10}.Nat's|Any CPU.ActiveCfg = Nat's|Any CPU
		{A71ADD39-CC93-4D74-83E4-F8B26FA0EC10}.Nat's|Any CPU.Build.0 = Nat's|Any CPU
		{A71ADD39-CC93-4D74-83E4-F8B26FA0EC10}.Online Licensed|Any CPU.ActiveCfg = Online Licensed|Any CPU
		{A71ADD39-CC93-4D74-83E4-F8B26FA0EC10}.Online Licensed|Any CPU.Build.0 = Online Licensed|Any CPU
		{A71ADD39-CC93-4D74-83E4-F8B26FA0EC10}.Release|Any CPU.ActiveCfg = Release|Any CPU
		{A71ADD39-CC93-4D74-83E4-F8B26FA0EC10}.Release|Any CPU.Build.0 = Release|Any CPU
		{82D377B5-7A45-439C-BECB-7D008E7152B3}.Debug|Any CPU.ActiveCfg = Debug|Any CPU
		{82D377B5-7A45-439C-BECB-7D008E7152B3}.Debug|Any CPU.Build.0 = Debug|Any CPU
		{82D377B5-7A45-439C-BECB-7D008E7152B3}.MAC Licensed|Any CPU.ActiveCfg = Nat's|Any CPU
		{82D377B5-7A45-439C-BECB-7D008E7152B3}.MAC Licensed|Any CPU.Build.0 = Nat's|Any CPU
		{82D377B5-7A45-439C-BECB-7D008E7152B3}.Nat's|Any CPU.ActiveCfg = Nat's|Any CPU
		{82D377B5-7A45-439C-BECB-7D008E7152B3}.Nat's|Any CPU.Build.0 = Nat's|Any CPU
		{82D377B5-7A45-439C-BECB-7D008E7152B3}.Online Licensed|Any CPU.ActiveCfg = Nat's|Any CPU
		{82D377B5-7A45-439C-BECB-7D008E7152B3}.Online Licensed|Any CPU.Build.0 = Nat's|Any CPU
		{82D377B5-7A45-439C-BECB-7D008E7152B3}.Release|Any CPU.ActiveCfg = Release|Any CPU
		{82D377B5-7A45-439C-BECB-7D008E7152B3}.Release|Any CPU.Build.0 = Release|Any CPU
		{88270A0E-7833-4612-9D46-0DAE5714B728}.Debug|Any CPU.ActiveCfg = Debug|Any CPU
		{88270A0E-7833-4612-9D46-0DAE5714B728}.Debug|Any CPU.Build.0 = Debug|Any CPU
		{88270A0E-7833-4612-9D46-0DAE5714B728}.MAC Licensed|Any CPU.ActiveCfg = Release|Any CPU
		{88270A0E-7833-4612-9D46-0DAE5714B728}.MAC Licensed|Any CPU.Build.0 = Release|Any CPU
		{88270A0E-7833-4612-9D46-0DAE5714B728}.Nat's|Any CPU.ActiveCfg = Release|Any CPU
		{88270A0E-7833-4612-9D46-0DAE5714B728}.Nat's|Any CPU.Build.0 = Release|Any CPU
		{88270A0E-7833-4612-9D46-0DAE5714B728}.Online Licensed|Any CPU.ActiveCfg = Release|Any CPU
		{88270A0E-7833-4612-9D46-0DAE5714B728}.Online Licensed|Any CPU.Build.0 = Release|Any CPU
		{88270A0E-7833-4612-9D46-0DAE5714B728}.Release|Any CPU.ActiveCfg = Release|Any CPU
		{88270A0E-7833-4612-9D46-0DAE5714B728}.Release|Any CPU.Build.0 = Release|Any CPU
		{CADDBDA1-4DFD-4413-83AD-8A5CA79E4B5C}.Debug|Any CPU.ActiveCfg = Debug|Any CPU
		{CADDBDA1-4DFD-4413-83AD-8A5CA79E4B5C}.Debug|Any CPU.Build.0 = Debug|Any CPU
		{CADDBDA1-4DFD-4413-83AD-8A5CA79E4B5C}.MAC Licensed|Any CPU.ActiveCfg = Release|Any CPU
		{CADDBDA1-4DFD-4413-83AD-8A5CA79E4B5C}.MAC Licensed|Any CPU.Build.0 = Release|Any CPU
		{CADDBDA1-4DFD-4413-83AD-8A5CA79E4B5C}.Nat's|Any CPU.ActiveCfg = Release|Any CPU
		{CADDBDA1-4DFD-4413-83AD-8A5CA79E4B5C}.Nat's|Any CPU.Build.0 = Release|Any CPU
		{CADDBDA1-4DFD-4413-83AD-8A5CA79E4B5C}.Online Licensed|Any CPU.ActiveCfg = Release|Any CPU
		{CADDBDA1-4DFD-4413-83AD-8A5CA79E4B5C}.Online Licensed|Any CPU.Build.0 = Release|Any CPU
		{CADDBDA1-4DFD-4413-83AD-8A5CA79E4B5C}.Release|Any CPU.ActiveCfg = Release|Any CPU
		{CADDBDA1-4DFD-4413-83AD-8A5CA79E4B5C}.Release|Any CPU.Build.0 = Release|Any CPU
		{90911666-7752-4A54-A33C-B756804E1548}.Debug|Any CPU.ActiveCfg = Debug|Any CPU
		{90911666-7752-4A54-A33C-B756804E1548}.Debug|Any CPU.Build.0 = Debug|Any CPU
		{90911666-7752-4A54-A33C-B756804E1548}.MAC Licensed|Any CPU.ActiveCfg = Release|Any CPU
		{90911666-7752-4A54-A33C-B756804E1548}.MAC Licensed|Any CPU.Build.0 = Release|Any CPU
		{90911666-7752-4A54-A33C-B756804E1548}.Nat's|Any CPU.ActiveCfg = Release|Any CPU
		{90911666-7752-4A54-A33C-B756804E1548}.Nat's|Any CPU.Build.0 = Release|Any CPU
		{90911666-7752-4A54-A33C-B756804E1548}.Online Licensed|Any CPU.ActiveCfg = Release|Any CPU
		{90911666-7752-4A54-A33C-B756804E1548}.Online Licensed|Any CPU.Build.0 = Release|Any CPU
		{90911666-7752-4A54-A33C-B756804E1548}.Release|Any CPU.ActiveCfg = Release|Any CPU
		{90911666-7752-4A54-A33C-B756804E1548}.Release|Any CPU.Build.0 = Release|Any CPU
	EndGlobalSection
	GlobalSection(SolutionProperties) = preSolution
		HideSolutionNode = FALSE
	EndGlobalSection
	GlobalSection(NestedProjects) = preSolution
		{A71ADD39-CC93-4D74-83E4-F8B26FA0EC10} = {E50E7737-A196-4D46-9D04-8BE9B0ED9EC9}
		{82D377B5-7A45-439C-BECB-7D008E7152B3} = {E50E7737-A196-4D46-9D04-8BE9B0ED9EC9}
		{88270A0E-7833-4612-9D46-0DAE5714B728} = {1D39EDF1-5E3D-4F82-AD06-90C0D8654426}
		{CADDBDA1-4DFD-4413-83AD-8A5CA79E4B5C} = {1D39EDF1-5E3D-4F82-AD06-90C0D8654426}
		{90911666-7752-4A54-A33C-B756804E1548} = {1D39EDF1-5E3D-4F82-AD06-90C0D8654426}
	EndGlobalSection
EndGlobal
